
Microsoft Visual Studio Solution File, Format Version 12.00
# Visual Studio Version 17
VisualStudioVersion = 17.5.002.0
MinimumVisualStudioVersion = 10.0.40219.1
Project("{2150E333-8FDC-42A3-9474-1A3956D46DE8}") = "csharp-prep", "csharp-prep", "{F2A9B795-200B-4B52-9B34-1B82C0214D1B}"
EndProject
Project("{9A19103F-16F7-4668-BE54-9A1E7A4F7556}") = "Prep1", "csharp-prep\Prep1\Prep1.csproj", "{18C3DE92-806A-49B1-8DAA-76DE93199B3C}"
EndProject
Project("{9A19103F-16F7-4668-BE54-9A1E7A4F7556}") = "Prep2", "csharp-prep\Prep2\Prep2.csproj", "{3E2BA4AC-1814-483C-90A9-8F9A4D08A9AE}"
EndProject
Project("{9A19103F-16F7-4668-BE54-9A1E7A4F7556}") = "Prep3", "csharp-prep\Prep3\Prep3.csproj", "{9EAC85B7-607B-44EA-8AAC-225B17050FAC}"
EndProject
Project("{9A19103F-16F7-4668-BE54-9A1E7A4F7556}") = "Prep4", "csharp-prep\Prep4\Prep4.csproj", "{737F6F9D-E7B2-43B7-91A0-BB926F84FB9C}"
EndProject
Project("{9A19103F-16F7-4668-BE54-9A1E7A4F7556}") = "Prep5", "csharp-prep\Prep5\Prep5.csproj", "{70F15BF7-BF99-4BBB-ABEA-0F59C9335D75}"
EndProject
Project("{2150E333-8FDC-42A3-9474-1A3956D46DE8}") = "final", "final", "{B78C11F1-0419-4461-BC91-659E006BF817}"
EndProject
Project("{9A19103F-16F7-4668-BE54-9A1E7A4F7556}") = "FinalProject", "final\FinalProject\FinalProject.csproj", "{288ABAC3-3660-4F52-B525-7793C8F39FA6}"
EndProject
Project("{9A19103F-16F7-4668-BE54-9A1E7A4F7556}") = "Foundation1", "final\Foundation1\Foundation1.csproj", "{35BC4744-E533-4C80-9DB3-FEF13B50DEE7}"
EndProject
Project("{9A19103F-16F7-4668-BE54-9A1E7A4F7556}") = "Foundation2", "final\Foundation2\Foundation2.csproj", "{9C22879C-7989-4713-8064-FDBB41CA08F9}"
EndProject
Project("{9A19103F-16F7-4668-BE54-9A1E7A4F7556}") = "Foundation3", "final\Foundation3\Foundation3.csproj", "{996A0E2A-6116-44F5-A799-3D6516072628}"
EndProject
Project("{9A19103F-16F7-4668-BE54-9A1E7A4F7556}") = "Foundation4", "final\Foundation4\Foundation4.csproj", "{B4C5B83A-0F2A-46EB-8D47-E4EDD3735F2D}"
EndProject
Project("{2150E333-8FDC-42A3-9474-1A3956D46DE8}") = "prepare", "prepare", "{E81F559C-8F8E-4D31-90E1-84C84132EC45}"
EndProject
Project("{9A19103F-16F7-4668-BE54-9A1E7A4F7556}") = "Learning02", "prepare\Learning02\Learning02.csproj", "{CC5883F9-B5AD-41E4-848E-0FE44245F5D1}"
EndProject
Project("{9A19103F-16F7-4668-BE54-9A1E7A4F7556}") = "Learning03", "prepare\Learning03\Learning03.csproj", "{BABE46A5-39F6-4060-8075-E1267E36A789}"
EndProject
Project("{9A19103F-16F7-4668-BE54-9A1E7A4F7556}") = "Learning04", "prepare\Learning04\Learning04.csproj", "{91E49FD8-99FE-46EB-858D-38EF08860A38}"
EndProject
Project("{9A19103F-16F7-4668-BE54-9A1E7A4F7556}") = "Learning05", "prepare\Learning05\Learning05.csproj", "{91075573-D4A3-49CD-B1F8-E5D0F1410D12}"
EndProject
Project("{2150E333-8FDC-42A3-9474-1A3956D46DE8}") = "prove", "prove", "{E6E1101F-5BA0-4154-B271-5C14BBD4E5FA}"
EndProject
Project("{9A19103F-16F7-4668-BE54-9A1E7A4F7556}") = "Develop02", "prove\Develop02\Develop02.csproj", "{E41372C9-DFBE-4E16-A5BA-5234B5F32D59}"
EndProject
Project("{9A19103F-16F7-4668-BE54-9A1E7A4F7556}") = "Develop03", "prove\Develop03\Develop03.csproj", "{118D294C-BF8A-4E1C-BD13-10CC50B329E8}"
EndProject
Project("{9A19103F-16F7-4668-BE54-9A1E7A4F7556}") = "Develop04", "prove\Develop04\Develop04.csproj", "{492970E7-D48C-4119-A99D-ECD228022F73}"
EndProject
Project("{9A19103F-16F7-4668-BE54-9A1E7A4F7556}") = "Develop05", "prove\Develop05\Develop05.csproj", "{CE6BDDDC-4D6F-445E-AE84-7BF9BA613EB3}"
EndProject
Project("{2150E333-8FDC-42A3-9474-1A3956D46DE8}") = "sandbox", "sandbox", "{5AEFE5EB-EF5B-48EE-9F7F-D6F65ABB108F}"
EndProject
Project("{9A19103F-16F7-4668-BE54-9A1E7A4F7556}") = "Sandbox", "sandbox\Sandbox\Sandbox.csproj", "{10217CB8-F290-47B3-9CD9-4C69BD6D17AB}"
EndProject
Global
	GlobalSection(SolutionConfigurationPlatforms) = preSolution
		Debug|Any CPU = Debug|Any CPU
		Release|Any CPU = Release|Any CPU
	EndGlobalSection
	GlobalSection(ProjectConfigurationPlatforms) = postSolution
		{18C3DE92-806A-49B1-8DAA-76DE93199B3C}.Debug|Any CPU.ActiveCfg = Debug|Any CPU
		{18C3DE92-806A-49B1-8DAA-76DE93199B3C}.Debug|Any CPU.Build.0 = Debug|Any CPU
		{18C3DE92-806A-49B1-8DAA-76DE93199B3C}.Release|Any CPU.ActiveCfg = Release|Any CPU
		{18C3DE92-806A-49B1-8DAA-76DE93199B3C}.Release|Any CPU.Build.0 = Release|Any CPU
		{3E2BA4AC-1814-483C-90A9-8F9A4D08A9AE}.Debug|Any CPU.ActiveCfg = Debug|Any CPU
		{3E2BA4AC-1814-483C-90A9-8F9A4D08A9AE}.Debug|Any CPU.Build.0 = Debug|Any CPU
		{3E2BA4AC-1814-483C-90A9-8F9A4D08A9AE}.Release|Any CPU.ActiveCfg = Release|Any CPU
		{3E2BA4AC-1814-483C-90A9-8F9A4D08A9AE}.Release|Any CPU.Build.0 = Release|Any CPU
		{9EAC85B7-607B-44EA-8AAC-225B17050FAC}.Debug|Any CPU.ActiveCfg = Debug|Any CPU
		{9EAC85B7-607B-44EA-8AAC-225B17050FAC}.Debug|Any CPU.Build.0 = Debug|Any CPU
		{9EAC85B7-607B-44EA-8AAC-225B17050FAC}.Release|Any CPU.ActiveCfg = Release|Any CPU
		{9EAC85B7-607B-44EA-8AAC-225B17050FAC}.Release|Any CPU.Build.0 = Release|Any CPU
		{737F6F9D-E7B2-43B7-91A0-BB926F84FB9C}.Debug|Any CPU.ActiveCfg = Debug|Any CPU
		{737F6F9D-E7B2-43B7-91A0-BB926F84FB9C}.Debug|Any CPU.Build.0 = Debug|Any CPU
		{737F6F9D-E7B2-43B7-91A0-BB926F84FB9C}.Release|Any CPU.ActiveCfg = Release|Any CPU
		{737F6F9D-E7B2-43B7-91A0-BB926F84FB9C}.Release|Any CPU.Build.0 = Release|Any CPU
		{70F15BF7-BF99-4BBB-ABEA-0F59C9335D75}.Debug|Any CPU.ActiveCfg = Debug|Any CPU
		{70F15BF7-BF99-4BBB-ABEA-0F59C9335D75}.Debug|Any CPU.Build.0 = Debug|Any CPU
		{70F15BF7-BF99-4BBB-ABEA-0F59C9335D75}.Release|Any CPU.ActiveCfg = Release|Any CPU
		{70F15BF7-BF99-4BBB-ABEA-0F59C9335D75}.Release|Any CPU.Build.0 = Release|Any CPU
		{288ABAC3-3660-4F52-B525-7793C8F39FA6}.Debug|Any CPU.ActiveCfg = Debug|Any CPU
		{288ABAC3-3660-4F52-B525-7793C8F39FA6}.Debug|Any CPU.Build.0 = Debug|Any CPU
		{288ABAC3-3660-4F52-B525-7793C8F39FA6}.Release|Any CPU.ActiveCfg = Release|Any CPU
		{288ABAC3-3660-4F52-B525-7793C8F39FA6}.Release|Any CPU.Build.0 = Release|Any CPU
		{35BC4744-E533-4C80-9DB3-FEF13B50DEE7}.Debug|Any CPU.ActiveCfg = Debug|Any CPU
		{35BC4744-E533-4C80-9DB3-FEF13B50DEE7}.Debug|Any CPU.Build.0 = Debug|Any CPU
		{35BC4744-E533-4C80-9DB3-FEF13B50DEE7}.Release|Any CPU.ActiveCfg = Release|Any CPU
		{35BC4744-E533-4C80-9DB3-FEF13B50DEE7}.Release|Any CPU.Build.0 = Release|Any CPU
		{9C22879C-7989-4713-8064-FDBB41CA08F9}.Debug|Any CPU.ActiveCfg = Debug|Any CPU
		{9C22879C-7989-4713-8064-FDBB41CA08F9}.Debug|Any CPU.Build.0 = Debug|Any CPU
		{9C22879C-7989-4713-8064-FDBB41CA08F9}.Release|Any CPU.ActiveCfg = Release|Any CPU
		{9C22879C-7989-4713-8064-FDBB41CA08F9}.Release|Any CPU.Build.0 = Release|Any CPU
		{996A0E2A-6116-44F5-A799-3D6516072628}.Debug|Any CPU.ActiveCfg = Debug|Any CPU
		{996A0E2A-6116-44F5-A799-3D6516072628}.Debug|Any CPU.Build.0 = Debug|Any CPU
		{996A0E2A-6116-44F5-A799-3D6516072628}.Release|Any CPU.ActiveCfg = Release|Any CPU
		{996A0E2A-6116-44F5-A799-3D6516072628}.Release|Any CPU.Build.0 = Release|Any CPU
		{B4C5B83A-0F2A-46EB-8D47-E4EDD3735F2D}.Debug|Any CPU.ActiveCfg = Debug|Any CPU
		{B4C5B83A-0F2A-46EB-8D47-E4EDD3735F2D}.Debug|Any CPU.Build.0 = Debug|Any CPU
		{B4C5B83A-0F2A-46EB-8D47-E4EDD3735F2D}.Release|Any CPU.ActiveCfg = Release|Any CPU
		{B4C5B83A-0F2A-46EB-8D47-E4EDD3735F2D}.Release|Any CPU.Build.0 = Release|Any CPU
		{CC5883F9-B5AD-41E4-848E-0FE44245F5D1}.Debug|Any CPU.ActiveCfg = Debug|Any CPU
		{CC5883F9-B5AD-41E4-848E-0FE44245F5D1}.Debug|Any CPU.Build.0 = Debug|Any CPU
		{CC5883F9-B5AD-41E4-848E-0FE44245F5D1}.Release|Any CPU.ActiveCfg = Release|Any CPU
		{CC5883F9-B5AD-41E4-848E-0FE44245F5D1}.Release|Any CPU.Build.0 = Release|Any CPU
		{BABE46A5-39F6-4060-8075-E1267E36A789}.Debug|Any CPU.ActiveCfg = Debug|Any CPU
		{BABE46A5-39F6-4060-8075-E1267E36A789}.Debug|Any CPU.Build.0 = Debug|Any CPU
		{BABE46A5-39F6-4060-8075-E1267E36A789}.Release|Any CPU.ActiveCfg = Release|Any CPU
		{BABE46A5-39F6-4060-8075-E1267E36A789}.Release|Any CPU.Build.0 = Release|Any CPU
		{91E49FD8-99FE-46EB-858D-38EF08860A38}.Debug|Any CPU.ActiveCfg = Debug|Any CPU
		{91E49FD8-99FE-46EB-858D-38EF08860A38}.Debug|Any CPU.Build.0 = Debug|Any CPU
		{91E49FD8-99FE-46EB-858D-38EF08860A38}.Release|Any CPU.ActiveCfg = Release|Any CPU
		{91E49FD8-99FE-46EB-858D-38EF08860A38}.Release|Any CPU.Build.0 = Release|Any CPU
		{91075573-D4A3-49CD-B1F8-E5D0F1410D12}.Debug|Any CPU.ActiveCfg = Debug|Any CPU
		{91075573-D4A3-49CD-B1F8-E5D0F1410D12}.Debug|Any CPU.Build.0 = Debug|Any CPU
		{91075573-D4A3-49CD-B1F8-E5D0F1410D12}.Release|Any CPU.ActiveCfg = Release|Any CPU
		{91075573-D4A3-49CD-B1F8-E5D0F1410D12}.Release|Any CPU.Build.0 = Release|Any CPU
		{E41372C9-DFBE-4E16-A5BA-5234B5F32D59}.Debug|Any CPU.ActiveCfg = Debug|Any CPU
		{E41372C9-DFBE-4E16-A5BA-5234B5F32D59}.Debug|Any CPU.Build.0 = Debug|Any CPU
		{E41372C9-DFBE-4E16-A5BA-5234B5F32D59}.Release|Any CPU.ActiveCfg = Release|Any CPU
		{E41372C9-DFBE-4E16-A5BA-5234B5F32D59}.Release|Any CPU.Build.0 = Release|Any CPU
		{118D294C-BF8A-4E1C-BD13-10CC50B329E8}.Debug|Any CPU.ActiveCfg = Debug|Any CPU
		{118D294C-BF8A-4E1C-BD13-10CC50B329E8}.Debug|Any CPU.Build.0 = Debug|Any CPU
		{118D294C-BF8A-4E1C-BD13-10CC50B329E8}.Release|Any CPU.ActiveCfg = Release|Any CPU
		{118D294C-BF8A-4E1C-BD13-10CC50B329E8}.Release|Any CPU.Build.0 = Release|Any CPU
		{492970E7-D48C-4119-A99D-ECD228022F73}.Debug|Any CPU.ActiveCfg = Debug|Any CPU
		{492970E7-D48C-4119-A99D-ECD228022F73}.Debug|Any CPU.Build.0 = Debug|Any CPU
		{492970E7-D48C-4119-A99D-ECD228022F73}.Release|Any CPU.ActiveCfg = Release|Any CPU
		{492970E7-D48C-4119-A99D-ECD228022F73}.Release|Any CPU.Build.0 = Release|Any CPU
		{CE6BDDDC-4D6F-445E-AE84-7BF9BA613EB3}.Debug|Any CPU.ActiveCfg = Debug|Any CPU
		{CE6BDDDC-4D6F-445E-AE84-7BF9BA613EB3}.Debug|Any CPU.Build.0 = Debug|Any CPU
		{CE6BDDDC-4D6F-445E-AE84-7BF9BA613EB3}.Release|Any CPU.ActiveCfg = Release|Any CPU
		{CE6BDDDC-4D6F-445E-AE84-7BF9BA613EB3}.Release|Any CPU.Build.0 = Release|Any CPU
		{10217CB8-F290-47B3-9CD9-4C69BD6D17AB}.Debug|Any CPU.ActiveCfg = Debug|Any CPU
		{10217CB8-F290-47B3-9CD9-4C69BD6D17AB}.Debug|Any CPU.Build.0 = Debug|Any CPU
		{10217CB8-F290-47B3-9CD9-4C69BD6D17AB}.Release|Any CPU.ActiveCfg = Release|Any CPU
		{10217CB8-F290-47B3-9CD9-4C69BD6D17AB}.Release|Any CPU.Build.0 = Release|Any CPU
	EndGlobalSection
	GlobalSection(SolutionProperties) = preSolution
		HideSolutionNode = FALSE
	EndGlobalSection
	GlobalSection(NestedProjects) = preSolution
		{18C3DE92-806A-49B1-8DAA-76DE93199B3C} = {F2A9B795-200B-4B52-9B34-1B82C0214D1B}
		{3E2BA4AC-1814-483C-90A9-8F9A4D08A9AE} = {F2A9B795-200B-4B52-9B34-1B82C0214D1B}
		{9EAC85B7-607B-44EA-8AAC-225B17050FAC} = {F2A9B795-200B-4B52-9B34-1B82C0214D1B}
		{737F6F9D-E7B2-43B7-91A0-BB926F84FB9C} = {F2A9B795-200B-4B52-9B34-1B82C0214D1B}
		{70F15BF7-BF99-4BBB-ABEA-0F59C9335D75} = {F2A9B795-200B-4B52-9B34-1B82C0214D1B}
		{288ABAC3-3660-4F52-B525-7793C8F39FA6} = {B78C11F1-0419-4461-BC91-659E006BF817}
		{35BC4744-E533-4C80-9DB3-FEF13B50DEE7} = {B78C11F1-0419-4461-BC91-659E006BF817}
		{9C22879C-7989-4713-8064-FDBB41CA08F9} = {B78C11F1-0419-4461-BC91-659E006BF817}
		{996A0E2A-6116-44F5-A799-3D6516072628} = {B78C11F1-0419-4461-BC91-659E006BF817}
		{B4C5B83A-0F2A-46EB-8D47-E4EDD3735F2D} = {B78C11F1-0419-4461-BC91-659E006BF817}
		{CC5883F9-B5AD-41E4-848E-0FE44245F5D1} = {E81F559C-8F8E-4D31-90E1-84C84132EC45}
		{BABE46A5-39F6-4060-8075-E1267E36A789} = {E81F559C-8F8E-4D31-90E1-84C84132EC45}
		{91E49FD8-99FE-46EB-858D-38EF08860A38} = {E81F559C-8F8E-4D31-90E1-84C84132EC45}
		{91075573-D4A3-49CD-B1F8-E5D0F1410D12} = {E81F559C-8F8E-4D31-90E1-84C84132EC45}
		{E41372C9-DFBE-4E16-A5BA-5234B5F32D59} = {E6E1101F-5BA0-4154-B271-5C14BBD4E5FA}
		{118D294C-BF8A-4E1C-BD13-10CC50B329E8} = {E6E1101F-5BA0-4154-B271-5C14BBD4E5FA}
		{492970E7-D48C-4119-A99D-ECD228022F73} = {E6E1101F-5BA0-4154-B271-5C14BBD4E5FA}
		{CE6BDDDC-4D6F-445E-AE84-7BF9BA613EB3} = {E6E1101F-5BA0-4154-B271-5C14BBD4E5FA}
		{10217CB8-F290-47B3-9CD9-4C69BD6D17AB} = {5AEFE5EB-EF5B-48EE-9F7F-D6F65ABB108F}
	EndGlobalSection
	GlobalSection(ExtensibilityGlobals) = postSolution
		SolutionGuid = {BD19C116-70FB-4E11-9569-B687C5BE2D59}
	EndGlobalSection
EndGlobal
